
Microsoft Visual Studio Solution File, Format Version 12.00
# Visual Studio Version 17
VisualStudioVersion = 17.13.35931.197 d17.13
MinimumVisualStudioVersion = 10.0.40219.1
Project("{FAE04EC0-301F-11D3-BF4B-00C04F79EFBC}") = "weathering", "weathering\weathering.csproj", "{4534682F-51EF-45B6-933D-8092048A7E73}"
EndProject
Global
	GlobalSection(SolutionConfigurationPlatforms) = preSolution
		Debug|Any CPU = Debug|Any CPU
		Release|Any CPU = Release|Any CPU
	EndGlobalSection
	GlobalSection(ProjectConfigurationPlatforms) = postSolution
		{4534682F-51EF-45B6-933D-8092048A7E73}.Debug|Any CPU.ActiveCfg = Debug|Any CPU
		{4534682F-51EF-45B6-933D-8092048A7E73}.Debug|Any CPU.Build.0 = Debug|Any CPU
		{4534682F-51EF-45B6-933D-8092048A7E73}.Release|Any CPU.ActiveCfg = Release|Any CPU
		{4534682F-51EF-45B6-933D-8092048A7E73}.Release|Any CPU.Build.0 = Release|Any CPU
	EndGlobalSection
	GlobalSection(SolutionProperties) = preSolution
		HideSolutionNode = FALSE
	EndGlobalSection
	GlobalSection(ExtensibilityGlobals) = postSolution
		SolutionGuid = {BA1C9CB1-4EC4-4872-9893-2A38C7F44511}
	EndGlobalSection
EndGlobal
